
Microsoft Visual Studio Solution File, Format Version 12.00
# Visual Studio Version 16
VisualStudioVersion = 16.0.32413.511
MinimumVisualStudioVersion = 10.0.40219.1
Project("{FAE04EC0-301F-11D3-BF4B-00C04F79EFBC}") = "L-SystemControl", "L-SystemControl\L-SystemControl.csproj", "{3ABE96AC-8610-4046-A9A4-BB3D851E9FD0}"
EndProject
Global
	GlobalSection(SolutionConfigurationPlatforms) = preSolution
		Debug|Any CPU = Debug|Any CPU
		Release|Any CPU = Release|Any CPU
	EndGlobalSection
	GlobalSection(ProjectConfigurationPlatforms) = postSolution
		{3ABE96AC-8610-4046-A9A4-BB3D851E9FD0}.Debug|Any CPU.ActiveCfg = Debug|Any CPU
		{3ABE96AC-8610-4046-A9A4-BB3D851E9FD0}.Debug|Any CPU.Build.0 = Debug|Any CPU
		{3ABE96AC-8610-4046-A9A4-BB3D851E9FD0}.Release|Any CPU.ActiveCfg = Release|Any CPU
		{3ABE96AC-8610-4046-A9A4-BB3D851E9FD0}.Release|Any CPU.Build.0 = Release|Any CPU
	EndGlobalSection
	GlobalSection(SolutionProperties) = preSolution
		HideSolutionNode = FALSE
	EndGlobalSection
	GlobalSection(ExtensibilityGlobals) = postSolution
		SolutionGuid = {F64D3D99-4D26-4B48-B216-836AA6024BBB}
	EndGlobalSection
EndGlobal
